# This file is automatically @generated by Cargo.
# It is not intended for manual editing.
[[package]]
name = "ahash"
version = "0.4.6"
source = "registry+https://github.com/rust-lang/crates.io-index"
checksum = "f6789e291be47ace86a60303502173d84af8327e3627ecf334356ee0f87a164c"

[[package]]
name = "hashbrown"
version = "0.9.1"
source = "registry+https://github.com/rust-lang/crates.io-index"
checksum = "d7afe4a420e3fe79967a00898cc1f4db7c8a49a9333a29f8a4bd76a253d5cd04"
dependencies = [
 "ahash",
]

[[package]]
name = "lru"
version = "0.6.1"
source = "registry+https://github.com/rust-lang/crates.io-index"
checksum = "be716eb6878ca2263eb5d00a781aa13264a794f519fe6af4fbb2668b2d5441c0"
dependencies = [
 "hashbrown",
]

[[package]]
name = "semiuniq"
version = "0.1.0"
dependencies = [
 "lru",
]
